dependencies:
- name: discovery
  repository: file://charts/discovery
  version: 0.1.0
- name: configserver
  repository: file://charts/configserver
  version: 0.1.0
- name: user
  repository: file://charts/user
  version: 0.1.0
- name: movie
  repository: file://charts/movie
  version: 0.1.0
- name: recommendation
  repository: file://charts/recommendation
  version: 0.1.0
- name: gateway
  repository: file://charts/gateway
  version: 0.1.0
- name: moviesui
  repository: file://charts/moviesui
  version: 0.1.0
- name: hystrix
  repository: file://charts/hystrix
  version: 0.1.0
digest: sha256:8833325e449359e3a58842f8743c4e5d133ff8c8037160e86769e7e8dd8e8dd8
generated: "2026-04-08T19:02:20.607166611+05:30"
